
Microsoft Visual Studio Solution File, Format Version 12.00
# Visual Studio Version 17
VisualStudioVersion = 17.5.33530.505
MinimumVisualStudioVersion = 10.0.40219.1
Project("{9A19103F-16F7-4668-BE54-9A1E7A4F7556}") = "TorchSharpTest", "TorchSharpTest\TorchSharpTest.csproj", "{77C48BA9-1604-4EE0-BCBE-DC9B6DC238A8}"
EndProject
Project("{2150E333-8FDC-42A3-9474-1A3956D46DE8}") = "Documents", "Documents", "{8919C8FE-5A2A-477B-A1A3-832F4EAC36A5}"
	ProjectSection(SolutionItems) = preProject
		..\.gitignore = ..\.gitignore
		..\README.md = ..\README.md
	EndProjectSection
EndProject
Project("{FAE04EC0-301F-11D3-BF4B-00C04F79EFBC}") = "DeepSharp.Utility", "DeepSharp.Utility\DeepSharp.Utility.csproj", "{93F876FF-1723-404F-9AA3-CD1D0873A3AB}"
EndProject
Project("{9A19103F-16F7-4668-BE54-9A1E7A4F7556}") = "DeepSharp.RL", "DeepSharp.RL\DeepSharp.RL.csproj", "{8E1D7BEF-3F6F-4237-A48D-3DA57757EB46}"
EndProject
Project("{FAE04EC0-301F-11D3-BF4B-00C04F79EFBC}") = "DeepSharp.ObjectDetection", "DeepSharp.ObjectDetection\DeepSharp.ObjectDetection.csproj", "{327843B4-A428-433D-A469-4D3AE9A5AC16}"
EndProject
Global
	GlobalSection(SolutionConfigurationPlatforms) = preSolution
		Debug|Any CPU = Debug|Any CPU
		Release|Any CPU = Release|Any CPU
	EndGlobalSection
	GlobalSection(ProjectConfigurationPlatforms) = postSolution
		{77C48BA9-1604-4EE0-BCBE-DC9B6DC238A8}.Debug|Any CPU.ActiveCfg = Debug|Any CPU
		{77C48BA9-1604-4EE0-BCBE-DC9B6DC238A8}.Debug|Any CPU.Build.0 = Debug|Any CPU
		{77C48BA9-1604-4EE0-BCBE-DC9B6DC238A8}.Release|Any CPU.ActiveCfg = Release|Any CPU
		{77C48BA9-1604-4EE0-BCBE-DC9B6DC238A8}.Release|Any CPU.Build.0 = Release|Any CPU
		{93F876FF-1723-404F-9AA3-CD1D0873A3AB}.Debug|Any CPU.ActiveCfg = Debug|Any CPU
		{93F876FF-1723-404F-9AA3-CD1D0873A3AB}.Debug|Any CPU.Build.0 = Debug|Any CPU
		{93F876FF-1723-404F-9AA3-CD1D0873A3AB}.Release|Any CPU.ActiveCfg = Release|Any CPU
		{93F876FF-1723-404F-9AA3-CD1D0873A3AB}.Release|Any CPU.Build.0 = Release|Any CPU
		{8E1D7BEF-3F6F-4237-A48D-3DA57757EB46}.Debug|Any CPU.ActiveCfg = Debug|Any CPU
		{8E1D7BEF-3F6F-4237-A48D-3DA57757EB46}.Debug|Any CPU.Build.0 = Debug|Any CPU
		{8E1D7BEF-3F6F-4237-A48D-3DA57757EB46}.Release|Any CPU.ActiveCfg = Release|Any CPU
		{8E1D7BEF-3F6F-4237-A48D-3DA57757EB46}.Release|Any CPU.Build.0 = Release|Any CPU
		{327843B4-A428-433D-A469-4D3AE9A5AC16}.Debug|Any CPU.ActiveCfg = Debug|Any CPU
		{327843B4-A428-433D-A469-4D3AE9A5AC16}.Debug|Any CPU.Build.0 = Debug|Any CPU
		{327843B4-A428-433D-A469-4D3AE9A5AC16}.Release|Any CPU.ActiveCfg = Release|Any CPU
		{327843B4-A428-433D-A469-4D3AE9A5AC16}.Release|Any CPU.Build.0 = Release|Any CPU
	EndGlobalSection
	GlobalSection(SolutionProperties) = preSolution
		HideSolutionNode = FALSE
	EndGlobalSection
	GlobalSection(ExtensibilityGlobals) = postSolution
		SolutionGuid = {09494C35-C628-45BE-B4FB-BE6B0D82A6D0}
	EndGlobalSection
EndGlobal
